// !$*UTF8*$!
{
	archiveVersion = 1;
	classes = {
	};
	objectVersion = 46;
	objects = {

/* Begin PBXBuildFile section */
		A0D9D56F1D89DD5000FD4B9B /* AppDelegate.swift in Sources */ = {isa = PBXBuildFile; fileRef = A0D9D56E1D89DD5000FD4B9B /* AppDelegate.swift */; };
		A0D9D5711D89DD5000FD4B9B /* PlayViewController.swift in Sources */ = {isa = PBXBuildFile; fileRef = A0D9D5701D89DD5000FD4B9B /* PlayViewController.swift */; };
		A0D9D5741D89DD5000FD4B9B /* Main.storyboard in Resources */ = {isa = PBXBuildFile; fileRef = A0D9D5721D89DD5000FD4B9B /* Main.storyboard */; };
		A0D9D5761D89DD5000FD4B9B /* Assets.xcassets in Resources */ = {isa = PBXBuildFile; fileRef = A0D9D5751D89DD5000FD4B9B /* Assets.xcassets */; };
		A0D9D5791D89DD5000FD4B9B /* LaunchScreen.storyboard in Resources */ = {isa = PBXBuildFile; fileRef = A0D9D5771D89DD5000FD4B9B /* LaunchScreen.storyboard */; };
		A0D9D5811D89DDA400FD4B9B /* ResultViewController.swift in Sources */ = {isa = PBXBuildFile; fileRef = A0D9D5801D89DDA400FD4B9B /* ResultViewController.swift */; };
/* End PBXBuildFile section */

/* Begin PBXFileReference section */
		A0D9D56B1D89DD5000FD4B9B /* Roshambo.app */ = {isa = PBXFileReference; explicitFileType = wrapper.application; includeInIndex = 0; path = Roshambo.app; sourceTree = BUILT_PRODUCTS_DIR; };
		A0D9D56E1D89DD5000FD4B9B /* AppDelegate.swift */ = {isa = PBXFileReference; lastKnownFileType = sourcecode.swift; path = AppDelegate.swift; sourceTree = "<group>"; };
		A0D9D5701D89DD5000FD4B9B /* PlayViewController.swift */ = {isa = PBXFileReference; lastKnownFileType = sourcecode.swift; path = PlayViewController.swift; sourceTree = "<group>"; };
		A0D9D5731D89DD5000FD4B9B /* Base */ = {isa = PBXFileReference; lastKnownFileType = file.storyboard; name = Base; path = Base.lproj/Main.storyboard; sourceTree = "<group>"; };
		A0D9D5751D89DD5000FD4B9B /* Assets.xcassets */ = {isa = PBXFileReference; lastKnownFileType = folder.assetcatalog; path = Assets.xcassets; sourceTree = "<group>"; };
		A0D9D5781D89DD5000FD4B9B /* Base */ = {isa = PBXFileReference; lastKnownFileType = file.storyboard; name = Base; path = Base.lproj/LaunchScreen.storyboard; sourceTree = "<group>"; };
		A0D9D57A1D89DD5000FD4B9B /* Info.plist */ = {isa = PBXFileReference; lastKnownFileType = text.plist.xml; path = Info.plist; sourceTree = "<group>"; };
		A0D9D5801D89DDA400FD4B9B /* ResultViewController.swift */ = {isa = PBXFileReference; fileEncoding = 4; lastKnownFileType = sourcecode.swift; path = ResultViewController.swift; sourceTree = "<group>"; };
/* End PBXFileReference section */

/* Begin PBXFrameworksBuildPhase section */
		A0D9D5681D89DD5000FD4B9B /* Frameworks */ = {
			isa = PBXFrameworksBuildPhase;
			buildActionMask = 2147483647;
			files = (
			);
			runOnlyForDeploymentPostprocessing = 0;
		};
/* End PBXFrameworksBuildPhase section */

/* Begin PBXGroup section */
		A0D9D5621D89DD5000FD4B9B = {
			isa = PBXGroup;
			children = (
				A0D9D56D1D89DD5000FD4B9B /* Roshambo */,
				A0D9D56C1D89DD5000FD4B9B /* Products */,
			);
			sourceTree = "<group>";
		};
		A0D9D56C1D89DD5000FD4B9B /* Products */ = {
			isa = PBXGroup;
			children = (
				A0D9D56B1D89DD5000FD4B9B /* Roshambo.app */,
			);
			name = Products;
			sourceTree = "<group>";
		};
		A0D9D56D1D89DD5000FD4B9B /* Roshambo */ = {
			isa = PBXGroup;
			children = (
				A0D9D56E1D89DD5000FD4B9B /* AppDelegate.swift */,
				A0D9D5701D89DD5000FD4B9B /* PlayViewController.swift */,
				A0D9D5801D89DDA400FD4B9B /* ResultViewController.swift */,
				A0D9D5721D89DD5000FD4B9B /* Main.storyboard */,
				A0D9D5751D89DD5000FD4B9B /* Assets.xcassets */,
				A0D9D5771D89DD5000FD4B9B /* LaunchScreen.storyboard */,
				A0D9D57A1D89DD5000FD4B9B /* Info.plist */,
			);
			path = Roshambo;
			sourceTree = "<group>";
		};
/* End PBXGroup section */

/* Begin PBXNativeTarget section */
		A0D9D56A1D89DD5000FD4B9B /* Roshambo */ = {
			isa = PBXNativeTarget;
			buildConfigurationList = A0D9D57D1D89DD5000FD4B9B /* Build configuration list for PBXNativeTarget "Roshambo" */;
			buildPhases = (
				A0D9D5671D89DD5000FD4B9B /* Sources */,
				A0D9D5681D89DD5000FD4B9B /* Frameworks */,
				A0D9D5691D89DD5000FD4B9B /* Resources */,
			);
			buildRules = (
			);
			dependencies = (
			);
			name = Roshambo;
			productName = Roshambo;
			productReference = A0D9D56B1D89DD5000FD4B9B /* Roshambo.app */;
			productType = "com.apple.product-type.application";
		};
/* End PBXNativeTarget section */

/* Begin PBXProject section */
		A0D9D5631D89DD5000FD4B9B /* Project object */ = {
			isa = PBXProject;
			attributes = {
				LastSwiftUpdateCheck = 0720;
				LastUpgradeCheck = 0720;
				ORGANIZATIONNAME = Nikki;
				TargetAttributes = {
					A0D9D56A1D89DD5000FD4B9B = {
						CreatedOnToolsVersion = 7.2.1;
						DevelopmentTeam = FRCKAQLH38;
					};
				};
			};
			buildConfigurationList = A0D9D5661D89DD5000FD4B9B /* Build configuration list for PBXProject "Roshambo" */;
			compatibilityVersion = "Xcode 3.2";
			developmentRegion = English;
			hasScannedForEncodings = 0;
			knownRegions = (
				en,
				Base,
			);
			mainGroup = A0D9D5621D89DD5000FD4B9B;
			productRefGroup = A0D9D56C1D89DD5000FD4B9B /* Products */;
			projectDirPath = "";
			projectRoot = "";
			targets = (
				A0D9D56A1D89DD5000FD4B9B /* Roshambo */,
			);
		};
/* End PBXProject section */

/* Begin PBXResourcesBuildPhase section */
		A0D9D5691D89DD5000FD4B9B /* Resources */ = {
			isa = PBXResourcesBuildPhase;
			buildActionMask = 2147483647;
			files = (
				A0D9D5791D89DD5000FD4B9B /* LaunchScreen.storyboard in Resources */,
				A0D9D5761D89DD5000FD4B9B /* Assets.xcassets in Resources */,
				A0D9D5741D89DD5000FD4B9B /* Main.storyboard in Resources */,
			);
			runOnlyForDeploymentPostprocessing = 0;
		};
/* End PBXResourcesBuildPhase section */

/* Begin PBXSourcesBuildPhase section */
		A0D9D5671D89DD5000FD4B9B /* Sources */ = {
			isa = PBXSourcesBuildPhase;
			buildActionMask = 2147483647;
			files = (
				A0D9D5711D89DD5000FD4B9B /* PlayViewController.swift in Sources */,
				A0D9D56F1D89DD5000FD4B9B /* AppDelegate.swift in Sources */,
				A0D9D5811D89DDA400FD4B9B /* ResultViewController.swift in Sources */,
			);
			runOnlyForDeploymentPostprocessing = 0;
		};
/* End PBXSourcesBuildPhase section */

/* Begin PBXVariantGroup section */
		A0D9D5721D89DD5000FD4B9B /* Main.storyboard */ = {
			isa = PBXVariantGroup;
			children = (
				A0D9D5731D89DD5000FD4B9B /* Base */,
			);
			name = Main.storyboard;
			sourceTree = "<group>";
		};
		A0D9D5771D89DD5000FD4B9B /* LaunchScreen.storyboard */ = {
			isa = PBXVariantGroup;
			children = (
				A0D9D5781D89DD5000FD4B9B /* Base */,
			);
			name = LaunchScreen.storyboard;
			sourceTree = "<group>";
		};
/* End PBXVariantGroup section */

/* Begin XCBuildConfiguration section */
		A0D9D57B1D89DD5000FD4B9B /* Debug */ = {
			isa = XCBuildConfiguration;
			buildSettings = {
				ALWAYS_SEARCH_USER_PATHS = NO;
				CLANG_CXX_LANGUAGE_STANDARD = "gnu++0x";
				CLANG_CXX_LIBRARY = "libc++";
				CLANG_ENABLE_MODULES = YES;
				CLANG_ENABLE_OBJC_ARC = YES;
				CLANG_WARN_BOOL_CONVERSION = YES;
				CLANG_WARN_CONSTANT_CONVERSION = YES;
				CLANG_WARN_DIRECT_OBJC_ISA_USAGE = YES_ERROR;
				CLANG_WARN_EMPTY_BODY = YES;
				CLANG_WARN_ENUM_CONVERSION = YES;
				CLANG_WARN_INT_CONVERSION = YES;
				CLANG_WARN_OBJC_ROOT_CLASS = YES_ERROR;
				CLANG_WARN_UNREACHABLE_CODE = YES;
				CLANG_WARN__DUPLICATE_METHOD_MATCH = YES;
				"CODE_SIGN_IDENTITY[sdk=iphoneos*]" = "iPhone Developer";
				COPY_PHASE_STRIP = NO;
				DEBUG_INFORMATION_FORMAT = dwarf;
				ENABLE_STRICT_OBJC_MSGSEND = YES;
				ENABLE_TESTABILITY = YES;
				GCC_C_LANGUAGE_STANDARD = gnu99;
				GCC_DYNAMIC_NO_PIC = NO;
				GCC_NO_COMMON_BLOCKS = YES;
				GCC_OPTIMIZATION_LEVEL = 0;
				GCC_PREPROCESSOR_DEFINITIONS = (
					"DEBUG=1",
					"$(inherited)",
				);
				GCC_WARN_64_TO_32_BIT_CONVERSION = YES;
				GCC_WARN_ABOUT_RETURN_TYPE = YES_ERROR;
				GCC_WARN_UNDECLARED_SELECTOR = YES;
				GCC_WARN_UNINITIALIZED_AUTOS = YES_AGGRESSIVE;
				GCC_WARN_UNUSED_FUNCTION = YES;
				GCC_WARN_UNUSED_VARIABLE = YES;
				IPHONEOS_DEPLOYMENT_TARGET = 9.2;
				MTL_ENABLE_DEBUG_INFO = YES;
				ONLY_ACTIVE_ARCH = YES;
				SDKROOT = iphoneos;
				SWIFT_OPTIMIZATION_LEVEL = "-Onone";
			};
			name = Debug;
		};
		A0D9D57C1D89DD5000FD4B9B /* Release */ = {
			isa = XCBuildConfiguration;
			buildSettings = {
				ALWAYS_SEARCH_USER_PATHS = NO;
				CLANG_CXX_LANGUAGE_STANDARD = "gnu++0x";
				CLANG_CXX_LIBRARY = "libc++";
				CLANG_ENABLE_MODULES = YES;
				CLANG_ENABLE_OBJC_ARC = YES;
				CLANG_WARN_BOOL_CONVERSION = YES;
				CLANG_WARN_CONSTANT_CONVERSION = YES;
				CLANG_WARN_DIRECT_OBJC_ISA_USAGE = YES_ERROR;
				CLANG_WARN_EMPTY_BODY = YES;
				CLANG_WARN_ENUM_CONVERSION = YES;
				CLANG_WARN_INT_CONVERSION = YES;
				CLANG_WARN_OBJC_ROOT_CLASS = YES_ERROR;
				CLANG_WARN_UNREACHABLE_CODE = YES;
				CLANG_WARN__DUPLICATE_METHOD_MATCH = YES;
				"CODE_SIGN_IDENTITY[sdk=iphoneos*]" = "iPhone Developer";
				COPY_PHASE_STRIP = NO;
				DEBUG_INFORMATION_FORMAT = "dwarf-with-dsym";
				ENABLE_NS_ASSERTIONS = NO;
				ENABLE_STRICT_OBJC_MSGSEND = YES;
				GCC_C_LANGUAGE_STANDARD = gnu99;
				GCC_NO_COMMON_BLOCKS = YES;
				GCC_WARN_64_TO_32_BIT_CONVERSION = YES;
				GCC_WARN_ABOUT_RETURN_TYPE = YES_ERROR;
				GCC_WARN_UNDECLARED_SELECTOR = YES;
				GCC_WARN_UNINITIALIZED_AUTOS = YES_AGGRESSIVE;
				GCC_WARN_UNUSED_FUNCTION = YES;
				GCC_WARN_UNUSED_VARIABLE = YES;
				IPHONEOS_DEPLOYMENT_TARGET = 9.2;
				MTL_ENABLE_DEBUG_INFO = NO;
				SDKROOT = iphoneos;
				VALIDATE_PRODUCT = YES;
			};
			name = Release;
		};
		A0D9D57E1D89DD5000FD4B9B /* Debug */ = {
			isa = XCBuildConfiguration;
			buildSettings = {
				ASSETCATALOG_COMPILER_APPICON_NAME = AppIcon;
				INFOPLIST_FILE = Roshambo/Info.plist;
				LD_RUNPATH_SEARCH_PATHS = "$(inherited) @executable_path/Frameworks";
				PRODUCT_BUNDLE_IDENTIFIER = com.udacity.Roshambo;
				PRODUCT_NAME = "$(TARGET_NAME)";
			};
			name = Debug;
		};
		A0D9D57F1D89DD5000FD4B9B /* Release */ = {
			isa = XCBuildConfiguration;
			buildSettings = {
				ASSETCATALOG_COMPILER_APPICON_NAME = AppIcon;
				INFOPLIST_FILE = Roshambo/Info.plist;
				LD_RUNPATH_SEARCH_PATHS = "$(inherited) @executable_path/Frameworks";
				PRODUCT_BUNDLE_IDENTIFIER = com.udacity.Roshambo;
				PRODUCT_NAME = "$(TARGET_NAME)";
			};
			name = Release;
		};
/* End XCBuildConfiguration section */

/* Begin XCConfigurationList section */
		A0D9D5661D89DD5000FD4B9B /* Build configuration list for PBXProject "Roshambo" */ = {
			isa = XCConfigurationList;
			buildConfigurations = (
				A0D9D57B1D89DD5000FD4B9B /* Debug */,
				A0D9D57C1D89DD5000FD4B9B /* Release */,
			);
			defaultConfigurationIsVisible = 0;
			defaultConfigurationName = Release;
		};
		A0D9D57D1D89DD5000FD4B9B /* Build configuration list for PBXNativeTarget "Roshambo" */ = {
			isa = XCConfigurationList;
			buildConfigurations = (
				A0D9D57E1D89DD5000FD4B9B /* Debug */,
				A0D9D57F1D89DD5000FD4B9B /* Release */,
			);
			defaultConfigurationIsVisible = 0;
		};
/* End XCConfigurationList section */
	};
	rootObject = A0D9D5631D89DD5000FD4B9B /* Project object */;
}
